
Microsoft Visual Studio Solution File, Format Version 12.00
# Visual Studio Version 17
VisualStudioVersion = 17.9.34723.18
MinimumVisualStudioVersion = 10.0.40219.1
Project("{FAE04EC0-301F-11D3-BF4B-00C04F79EFBC}") = "eTickets", "eTickets\eTickets.csproj", "{1C6DDBDB-00B6-4C09-B031-BF8574300E6D}"
EndProject
Global
	GlobalSection(SolutionConfigurationPlatforms) = preSolution
		Debug|Any CPU = Debug|Any CPU
		Release|Any CPU = Release|Any CPU
	EndGlobalSection
	GlobalSection(ProjectConfigurationPlatforms) = postSolution
		{1C6DDBDB-00B6-4C09-B031-BF8574300E6D}.Debug|Any CPU.ActiveCfg = Debug|Any CPU
		{1C6DDBDB-00B6-4C09-B031-BF8574300E6D}.Debug|Any CPU.Build.0 = Debug|Any CPU
		{1C6DDBDB-00B6-4C09-B031-BF8574300E6D}.Release|Any CPU.ActiveCfg = Release|Any CPU
		{1C6DDBDB-00B6-4C09-B031-BF8574300E6D}.Release|Any CPU.Build.0 = Release|Any CPU
	EndGlobalSection
	GlobalSection(SolutionProperties) = preSolution
		HideSolutionNode = FALSE
	EndGlobalSection
	GlobalSection(ExtensibilityGlobals) = postSolution
		SolutionGuid = {2B043F9B-C046-4D92-8554-EA27D8CEE0DB}
	EndGlobalSection
EndGlobal
